
Microsoft Visual Studio Solution File, Format Version 12.00
# Visual Studio Version 16
VisualStudioVersion = 16.0.30002.166
MinimumVisualStudioVersion = 10.0.40219.1
Project("{FAE04EC0-301F-11D3-BF4B-00C04F79EFBC}") = "Payment", "PaymentDates\Payment.csproj", "{26B73B98-BBC2-4979-A85F-94D2954F806A}"
EndProject
Project("{FAE04EC0-301F-11D3-BF4B-00C04F79EFBC}") = "PaymentSystemTest", "PaymentSystemTest\PaymentSystemTest.csproj", "{2734787A-F52F-4E74-8A81-E481CB8AD32A}"
EndProject
Global
	GlobalSection(SolutionConfigurationPlatforms) = preSolution
		Debug|Any CPU = Debug|Any CPU
		Release|Any CPU = Release|Any CPU
	EndGlobalSection
	GlobalSection(ProjectConfigurationPlatforms) = postSolution
		{26B73B98-BBC2-4979-A85F-94D2954F806A}.Debug|Any CPU.ActiveCfg = Debug|Any CPU
		{26B73B98-BBC2-4979-A85F-94D2954F806A}.Debug|Any CPU.Build.0 = Debug|Any CPU
		{26B73B98-BBC2-4979-A85F-94D2954F806A}.Release|Any CPU.ActiveCfg = Release|Any CPU
		{26B73B98-BBC2-4979-A85F-94D2954F806A}.Release|Any CPU.Build.0 = Release|Any CPU
		{2734787A-F52F-4E74-8A81-E481CB8AD32A}.Debug|Any CPU.ActiveCfg = Debug|Any CPU
		{2734787A-F52F-4E74-8A81-E481CB8AD32A}.Debug|Any CPU.Build.0 = Debug|Any CPU
		{2734787A-F52F-4E74-8A81-E481CB8AD32A}.Release|Any CPU.ActiveCfg = Release|Any CPU
		{2734787A-F52F-4E74-8A81-E481CB8AD32A}.Release|Any CPU.Build.0 = Release|Any CPU
	EndGlobalSection
	GlobalSection(SolutionProperties) = preSolution
		HideSolutionNode = FALSE
	EndGlobalSection
	GlobalSection(ExtensibilityGlobals) = postSolution
		SolutionGuid = {5635CD6E-D57D-49C2-9D9F-6380BB1EDBA2}
	EndGlobalSection
EndGlobal
